
Microsoft Visual Studio Solution File, Format Version 12.00
# Visual Studio Version 17
VisualStudioVersion = 17.12.35514.174 d17.12
MinimumVisualStudioVersion = 10.0.40219.1
Project("{FAE04EC0-301F-11D3-BF4B-00C04F79EFBC}") = "MicroprocessorRomWriterForLogisimFinito", "MicroprocessorRomWriterForLogisim\MicroprocessorRomWriterForLogisimFinito.csproj", "{B5091ED5-6FC6-4945-8182-B44C614DC80C}"
EndProject
Global
	GlobalSection(SolutionConfigurationPlatforms) = preSolution
		Debug|Any CPU = Debug|Any CPU
		Release|Any CPU = Release|Any CPU
	EndGlobalSection
	GlobalSection(ProjectConfigurationPlatforms) = postSolution
		{B5091ED5-6FC6-4945-8182-B44C614DC80C}.Debug|Any CPU.ActiveCfg = Debug|Any CPU
		{B5091ED5-6FC6-4945-8182-B44C614DC80C}.Debug|Any CPU.Build.0 = Debug|Any CPU
		{B5091ED5-6FC6-4945-8182-B44C614DC80C}.Release|Any CPU.ActiveCfg = Release|Any CPU
		{B5091ED5-6FC6-4945-8182-B44C614DC80C}.Release|Any CPU.Build.0 = Release|Any CPU
	EndGlobalSection
	GlobalSection(SolutionProperties) = preSolution
		HideSolutionNode = FALSE
	EndGlobalSection
EndGlobal
